
Microsoft Visual Studio Solution File, Format Version 12.00
# Visual Studio 15
Project("{FAE04EC0-301F-11D3-BF4B-00C04F79EFBC}") = "Unity.Timeline", "Unity.Timeline.csproj", "{D7E5647B-BB84-4DAD-5A7E-61AF116B3165}"
EndProject
Project("{FAE04EC0-301F-11D3-BF4B-00C04F79EFBC}") = "Unity.VisualEffectGraph.Editor", "Unity.VisualEffectGraph.Editor.csproj", "{868F752B-974B-8CBF-E551-E59EFA53EF5F}"
EndProject
Project("{FAE04EC0-301F-11D3-BF4B-00C04F79EFBC}") = "Unity.RenderPipelines.GPUDriven.Runtime", "Unity.RenderPipelines.GPUDriven.Runtime.csproj", "{355F5631-77BA-C577-65C9-01FE9EC0451A}"
EndProject
Project("{FAE04EC0-301F-11D3-BF4B-00C04F79EFBC}") = "Unity.PlasticSCM.Editor", "Unity.PlasticSCM.Editor.csproj", "{7CB6D140-B172-2C59-7DC7-BB67B94038F0}"
EndProject
Project("{FAE04EC0-301F-11D3-BF4B-00C04F79EFBC}") = "Unity.ShaderGraph.Editor", "Unity.ShaderGraph.Editor.csproj", "{581FEA9B-FCEB-F05D-89BF-67C2A8DDD174}"
EndProject
Project("{FAE04EC0-301F-11D3-BF4B-00C04F79EFBC}") = "Unity.RenderPipelines.Core.Runtime", "Unity.RenderPipelines.Core.Runtime.csproj", "{BF5C812B-1AB1-FBAB-09FB-A9350D2A1341}"
EndProject
Project("{FAE04EC0-301F-11D3-BF4B-00C04F79EFBC}") = "Unity.Mathematics", "Unity.Mathematics.csproj", "{3371DB2A-6C73-6132-9416-9BE1570AA998}"
EndProject
Project("{FAE04EC0-301F-11D3-BF4B-00C04F79EFBC}") = "Unity.Timeline.Editor", "Unity.Timeline.Editor.csproj", "{D13007F2-692F-F232-53B9-37851AD4C977}"
EndProject
Project("{FAE04EC0-301F-11D3-BF4B-00C04F79EFBC}") = "Unity.Multiplayer.Center.Editor", "Unity.Multiplayer.Center.Editor.csproj", "{2FD73959-43CB-A6D5-BB2C-564B8CD68897}"
EndProject
Project("{FAE04EC0-301F-11D3-BF4B-00C04F79EFBC}") = "Unity.RenderPipelines.Core.Editor", "Unity.RenderPipelines.Core.Editor.csproj", "{B9788A89-928C-A973-F464-8F6D373CE997}"
EndProject
Project("{FAE04EC0-301F-11D3-BF4B-00C04F79EFBC}") = "Unity.Collections", "Unity.Collections.csproj", "{B4D16644-2042-D497-DA78-113AE00E377A}"
EndProject
Project("{FAE04EC0-301F-11D3-BF4B-00C04F79EFBC}") = "UnityEngine.UI", "UnityEngine.UI.csproj", "{9537C04F-C2F7-AE13-8A0C-CFC733AD79A3}"
EndProject
Project("{FAE04EC0-301F-11D3-BF4B-00C04F79EFBC}") = "Zenject", "Zenject.csproj", "{F6E27ED4-9B0B-E033-66B5-700671396A2F}"
EndProject
Project("{FAE04EC0-301F-11D3-BF4B-00C04F79EFBC}") = "Unity.RenderPipelines.HighDefinition.Editor", "Unity.RenderPipelines.HighDefinition.Editor.csproj", "{DC3B60A7-2C5A-3BC4-CDA3-DD5D90B12395}"
EndProject
Project("{FAE04EC0-301F-11D3-BF4B-00C04F79EFBC}") = "Unity.VisualScripting.Core.Editor", "Unity.VisualScripting.Core.Editor.csproj", "{270F68E1-96D4-42D1-745A-2C9404943CFC}"
EndProject
Project("{FAE04EC0-301F-11D3-BF4B-00C04F79EFBC}") = "Unity.PerformanceTesting.Editor", "Unity.PerformanceTesting.Editor.csproj", "{384D8EFC-E12E-0E5F-FCE5-3924A5F05675}"
EndProject
Project("{FAE04EC0-301F-11D3-BF4B-00C04F79EFBC}") = "Zenject-IntegrationTests-Editor", "Zenject-IntegrationTests-Editor.csproj", "{09D9F7A3-D669-FD7B-CAAC-B6DDF676BF10}"
EndProject
Project("{FAE04EC0-301F-11D3-BF4B-00C04F79EFBC}") = "UnityEngine.TestRunner", "UnityEngine.TestRunner.csproj", "{B37E6F19-E046-F390-7A23-4ACD49D2DD41}"
EndProject
Project("{FAE04EC0-301F-11D3-BF4B-00C04F79EFBC}") = "Unity.Burst", "Unity.Burst.csproj", "{E28E13CE-1243-5FCB-5E46-94443BD91286}"
EndProject
Project("{FAE04EC0-301F-11D3-BF4B-00C04F79EFBC}") = "Unity.RenderPipelines.HighDefinition.Runtime", "Unity.RenderPipelines.HighDefinition.Runtime.csproj", "{5B14E8C6-E3BD-704D-EABD-890C25D83673}"
EndProject
Project("{FAE04EC0-301F-11D3-BF4B-00C04F79EFBC}") = "Unity.VisualScripting.Flow.Editor", "Unity.VisualScripting.Flow.Editor.csproj", "{BC750DBC-260A-137F-4E60-0B2A88C12D67}"
EndProject
Project("{FAE04EC0-301F-11D3-BF4B-00C04F79EFBC}") = "Unity.Tutorials.Core.Editor", "Unity.Tutorials.Core.Editor.csproj", "{00214B2A-4C6E-3658-10F7-DDD9CCB46847}"
EndProject
Project("{FAE04EC0-301F-11D3-BF4B-00C04F79EFBC}") = "Cinemachine", "Cinemachine.csproj", "{63166174-EE42-72F7-A26F-D045E67AB7A3}"
EndProject
Project("{FAE04EC0-301F-11D3-BF4B-00C04F79EFBC}") = "Unity.VisualStudio.Editor", "Unity.VisualStudio.Editor.csproj", "{A2887BC4-56AE-1754-3354-288584F579E7}"
EndProject
Project("{FAE04EC0-301F-11D3-BF4B-00C04F79EFBC}") = "Unity.InputSystem", "Unity.InputSystem.csproj", "{07116902-60FD-EA22-F1D9-D06625D13FA6}"
EndProject
Project("{FAE04EC0-301F-11D3-BF4B-00C04F79EFBC}") = "Zenject-ReflectionBaking-Editor", "Zenject-ReflectionBaking-Editor.csproj", "{3FE37876-8E94-1435-1301-164C60677622}"
EndProject
Project("{FAE04EC0-301F-11D3-BF4B-00C04F79EFBC}") = "UniTask", "UniTask.csproj", "{9472035B-963E-DCBF-562F-F5564BEC5D8F}"
EndProject
Project("{FAE04EC0-301F-11D3-BF4B-00C04F79EFBC}") = "Unity.Searcher.Editor", "Unity.Searcher.Editor.csproj", "{40787CD9-7B02-7DAA-343A-712E63FC6C72}"
EndProject
Project("{FAE04EC0-301F-11D3-BF4B-00C04F79EFBC}") = "UnityEditor.TestRunner", "UnityEditor.TestRunner.csproj", "{0234B5D1-987D-1087-2296-F54B0FD30D22}"
EndProject
Project("{FAE04EC0-301F-11D3-BF4B-00C04F79EFBC}") = "Unity.VisualScripting.Core", "Unity.VisualScripting.Core.csproj", "{581A72C1-150A-4184-D2A4-F1E19888BA57}"
EndProject
Project("{FAE04EC0-301F-11D3-BF4B-00C04F79EFBC}") = "Zenject-Editor", "Zenject-Editor.csproj", "{ACB22330-B9F1-52F6-BAE3-368E4F63CADC}"
EndProject
Project("{FAE04EC0-301F-11D3-BF4B-00C04F79EFBC}") = "Zenject-UnitTests-Editor", "Zenject-UnitTests-Editor.csproj", "{4C8C1973-50E4-748D-8DA6-601B9B749F8B}"
EndProject
Project("{FAE04EC0-301F-11D3-BF4B-00C04F79EFBC}") = "Unity.CollabProxy.Editor", "Unity.CollabProxy.Editor.csproj", "{83BF6C6D-EFB8-520B-8C91-B223DCAD8B40}"
EndProject
Project("{FAE04EC0-301F-11D3-BF4B-00C04F79EFBC}") = "Zenject-IntegrationTests", "Zenject-IntegrationTests.csproj", "{DB4452AC-D35D-2ADA-EB85-5DEE04570C8F}"
EndProject
Project("{FAE04EC0-301F-11D3-BF4B-00C04F79EFBC}") = "Unity.VisualScripting.State.Editor", "Unity.VisualScripting.State.Editor.csproj", "{28D1C25C-2382-B394-DF46-9322EC7A5E48}"
EndProject
Project("{FAE04EC0-301F-11D3-BF4B-00C04F79EFBC}") = "Unity.VisualEffectGraph.Runtime", "Unity.VisualEffectGraph.Runtime.csproj", "{947572FB-E53B-E7FA-C9D7-253C844EB193}"
EndProject
Project("{FAE04EC0-301F-11D3-BF4B-00C04F79EFBC}") = "Unity.TestTools.CodeCoverage.Editor", "Unity.TestTools.CodeCoverage.Editor.csproj", "{CECB2E12-1BB0-5907-0F2C-5623431B42F2}"
EndProject
Project("{FAE04EC0-301F-11D3-BF4B-00C04F79EFBC}") = "Unity.Burst.CodeGen", "Unity.Burst.CodeGen.csproj", "{2F56E78C-620D-C0B7-BFF0-AB4513EB9DD7}"
EndProject
Project("{FAE04EC0-301F-11D3-BF4B-00C04F79EFBC}") = "Unity.VisualScripting.Flow", "Unity.VisualScripting.Flow.csproj", "{9818BB11-B368-9044-E441-62CC7EED9145}"
EndProject
Project("{FAE04EC0-301F-11D3-BF4B-00C04F79EFBC}") = "Unity.PerformanceTesting", "Unity.PerformanceTesting.csproj", "{8827AB25-C08B-DA5B-F54F-6D745B594849}"
EndProject
Project("{FAE04EC0-301F-11D3-BF4B-00C04F79EFBC}") = "Unity.TestTools.CodeCoverage.Editor.OpenCover.Model", "Unity.TestTools.CodeCoverage.Editor.OpenCover.Model.csproj", "{595F8104-22D9-D900-75C9-B97C0EEF533E}"
EndProject
Project("{FAE04EC0-301F-11D3-BF4B-00C04F79EFBC}") = "Unity.TextMeshPro", "Unity.TextMeshPro.csproj", "{4A7C84F9-780F-5C95-ECE1-C389B10FD280}"
EndProject
Project("{FAE04EC0-301F-11D3-BF4B-00C04F79EFBC}") = "UniTask.Linq", "UniTask.Linq.csproj", "{0C91ADA2-2276-6040-7C2D-CA325EA4C127}"
EndProject
Project("{FAE04EC0-301F-11D3-BF4B-00C04F79EFBC}") = "Unity.TextMeshPro.Editor", "Unity.TextMeshPro.Editor.csproj", "{4F1901F1-A5B7-4EC7-640B-151E9B060868}"
EndProject
Project("{FAE04EC0-301F-11D3-BF4B-00C04F79EFBC}") = "Unity.Rendering.LightTransport.Runtime", "Unity.Rendering.LightTransport.Runtime.csproj", "{7FE97C3B-5FAC-1680-BE26-970A9FE8587B}"
EndProject
Project("{FAE04EC0-301F-11D3-BF4B-00C04F79EFBC}") = "com.unity.cinemachine.editor", "com.unity.cinemachine.editor.csproj", "{4F7578C2-F029-57C9-B164-524AE2B2EBC0}"
EndProject
Project("{FAE04EC0-301F-11D3-BF4B-00C04F79EFBC}") = "Unity.Burst.Editor", "Unity.Burst.Editor.csproj", "{4AD1A867-15A6-0203-3195-114AF63752B3}"
EndProject
Project("{FAE04EC0-301F-11D3-BF4B-00C04F79EFBC}") = "Unity.TestTools.CodeCoverage.Editor.OpenCover.Mono.Reflection", "Unity.TestTools.CodeCoverage.Editor.OpenCover.Mono.Reflection.csproj", "{DE2B8000-DE0D-8120-AE6E-B00486347046}"
EndProject
Project("{FAE04EC0-301F-11D3-BF4B-00C04F79EFBC}") = "Unity.Rider.Editor", "Unity.Rider.Editor.csproj", "{0933DED3-6FA4-3DFD-EEC4-86BDE0271345}"
EndProject
Project("{FAE04EC0-301F-11D3-BF4B-00C04F79EFBC}") = "Unity.VisualScripting.State", "Unity.VisualScripting.State.csproj", "{1D6764C0-D086-3DD6-EB41-125013A5231E}"
EndProject
Project("{FAE04EC0-301F-11D3-BF4B-00C04F79EFBC}") = "Unity.Performance.Profile-Analyzer.Editor", "Unity.Performance.Profile-Analyzer.Editor.csproj", "{1076F8CC-A7B4-434C-4BBD-6B9C50DAFFD4}"
EndProject
Project("{FAE04EC0-301F-11D3-BF4B-00C04F79EFBC}") = "UnityEditor.UI", "UnityEditor.UI.csproj", "{0E444499-A760-0E33-B81C-7DF4BA8982F8}"
EndProject
Project("{FAE04EC0-301F-11D3-BF4B-00C04F79EFBC}") = "Unity.InternalAPIEngineBridge.007", "Unity.InternalAPIEngineBridge.007.csproj", "{9D878491-414A-8651-5BBB-FF37FE8ABD35}"
EndProject
Project("{FAE04EC0-301F-11D3-BF4B-00C04F79EFBC}") = "NuGetForUnity", "NuGetForUnity.csproj", "{2F5A3742-5812-702D-8246-AFD0D9E79123}"
EndProject
Project("{FAE04EC0-301F-11D3-BF4B-00C04F79EFBC}") = "Unity.InternalAPIEditorBridge.007", "Unity.InternalAPIEditorBridge.007.csproj", "{E2836D0F-448B-AD68-D510-F978C9D950D1}"
EndProject
Project("{FAE04EC0-301F-11D3-BF4B-00C04F79EFBC}") = "Unity.Multiplayer.Center.Common", "Unity.Multiplayer.Center.Common.csproj", "{5661AB4B-4A24-0B97-D51E-A496E09ACBAA}"
EndProject
Project("{FAE04EC0-301F-11D3-BF4B-00C04F79EFBC}") = "Assembly-CSharp-firstpass", "Assembly-CSharp-firstpass.csproj", "{21EA18CC-2A22-285D-1CA4-EFE21EFA99D3}"
EndProject
Project("{FAE04EC0-301F-11D3-BF4B-00C04F79EFBC}") = "Unity.InputSystem.ForUI", "Unity.InputSystem.ForUI.csproj", "{EA9D6C33-F04C-52F1-BEDC-634573265C01}"
EndProject
Project("{FAE04EC0-301F-11D3-BF4B-00C04F79EFBC}") = "Unity.Collections.CodeGen", "Unity.Collections.CodeGen.csproj", "{3A31CB10-BB46-3FBD-6BCE-52267E5362A4}"
EndProject
Project("{FAE04EC0-301F-11D3-BF4B-00C04F79EFBC}") = "Zenject-TestFramework", "Zenject-TestFramework.csproj", "{8E0A1F33-D0B7-87F2-79E8-1443CF1A6C12}"
EndProject
Project("{FAE04EC0-301F-11D3-BF4B-00C04F79EFBC}") = "Unity.Mathematics.Editor", "Unity.Mathematics.Editor.csproj", "{74A106DA-292A-C41E-B36C-FC016E081CAF}"
EndProject
Project("{FAE04EC0-301F-11D3-BF4B-00C04F79EFBC}") = "Unity.VisualScripting.SettingsProvider.Editor", "Unity.VisualScripting.SettingsProvider.Editor.csproj", "{80F72E21-A1D6-641B-FACC-51B31F767BBA}"
EndProject
Project("{FAE04EC0-301F-11D3-BF4B-00C04F79EFBC}") = "Unity.Tutorials.Core", "Unity.Tutorials.Core.csproj", "{1F122203-AA55-9B2C-58B5-7B1485787305}"
EndProject
Project("{FAE04EC0-301F-11D3-BF4B-00C04F79EFBC}") = "UniTask.TextMeshPro", "UniTask.TextMeshPro.csproj", "{47186DE4-B348-08E3-604A-141728217FB3}"
EndProject
Project("{FAE04EC0-301F-11D3-BF4B-00C04F79EFBC}") = "Assembly-CSharp", "Assembly-CSharp.csproj", "{17BB7AF0-A1AD-DCE4-09CE-1D3A3635465B}"
EndProject
Project("{FAE04EC0-301F-11D3-BF4B-00C04F79EFBC}") = "Unity.Settings.Editor", "Unity.Settings.Editor.csproj", "{72D73972-165D-D5E9-488A-E943E8128596}"
EndProject
Project("{FAE04EC0-301F-11D3-BF4B-00C04F79EFBC}") = "Unity.InputSystem.TestFramework", "Unity.InputSystem.TestFramework.csproj", "{209E4E44-8CF8-FF00-597B-BFA0445FF4ED}"
EndProject
Project("{FAE04EC0-301F-11D3-BF4B-00C04F79EFBC}") = "Unity.ShaderGraph.Utilities", "Unity.ShaderGraph.Utilities.csproj", "{E7C40036-DD3F-C37B-9D86-068DDE1B5CF8}"
EndProject
Project("{FAE04EC0-301F-11D3-BF4B-00C04F79EFBC}") = "Unity.VisualScripting.Shared.Editor", "Unity.VisualScripting.Shared.Editor.csproj", "{52291D14-769A-6C58-6FFA-5D227C6C1188}"
EndProject
Project("{FAE04EC0-301F-11D3-BF4B-00C04F79EFBC}") = "Zenject-PoolMonitor-Editor", "Zenject-PoolMonitor-Editor.csproj", "{C505ECF2-8A68-B830-D70A-15C93D467EA2}"
EndProject
Project("{FAE04EC0-301F-11D3-BF4B-00C04F79EFBC}") = "Unity.EditorCoroutines.Editor", "Unity.EditorCoroutines.Editor.csproj", "{F3BCB79B-E096-3D78-B038-D0160F1F310F}"
EndProject
Project("{FAE04EC0-301F-11D3-BF4B-00C04F79EFBC}") = "UniTask.Editor", "UniTask.Editor.csproj", "{5AAB988D-9252-BF9E-DEB1-76F6DAC96F01}"
EndProject
Project("{FAE04EC0-301F-11D3-BF4B-00C04F79EFBC}") = "Unity.Rendering.LightTransport.Editor", "Unity.Rendering.LightTransport.Editor.csproj", "{C42A18E6-AEA5-52D4-A3BF-599D701566DE}"
EndProject
Project("{FAE04EC0-301F-11D3-BF4B-00C04F79EFBC}") = "Unity.InputSystem.DocCodeSamples", "Unity.InputSystem.DocCodeSamples.csproj", "{4C40AE67-4355-F7FE-8EE5-77AB6FE0F895}"
EndProject
Project("{FAE04EC0-301F-11D3-BF4B-00C04F79EFBC}") = "Unity.RenderPipelines.Core.Runtime.Shared", "Unity.RenderPipelines.Core.Runtime.Shared.csproj", "{08C5E520-8A06-1402-12C6-806E46F20E54}"
EndProject
Project("{FAE04EC0-301F-11D3-BF4B-00C04F79EFBC}") = "UniTask.Addressables", "UniTask.Addressables.csproj", "{E777080C-68B2-BED1-8792-B34BCCE290EC}"
EndProject
Project("{FAE04EC0-301F-11D3-BF4B-00C04F79EFBC}") = "Unity.RenderPipelines.HighDefinition.Config.Runtime", "Unity.RenderPipelines.HighDefinition.Config.Runtime.csproj", "{EA0EF30B-6EE9-D0FE-8E7D-036BD3909668}"
EndProject
Project("{FAE04EC0-301F-11D3-BF4B-00C04F79EFBC}") = "Unity.Collections.Editor", "Unity.Collections.Editor.csproj", "{11CB87AA-7789-9C75-C379-E93CB1BAA638}"
EndProject
Project("{FAE04EC0-301F-11D3-BF4B-00C04F79EFBC}") = "UniTask.DOTween", "UniTask.DOTween.csproj", "{D130E42E-942E-24A2-7164-70E520CB00F4}"
EndProject
Project("{FAE04EC0-301F-11D3-BF4B-00C04F79EFBC}") = "Unity.RenderPipelines.ShaderGraph.ShaderGraphLibrary", "Unity.RenderPipelines.ShaderGraph.ShaderGraphLibrary.csproj", "{3D339D59-3B4D-56B8-51DA-C393C2014DCC}"
EndProject
Project("{FAE04EC0-301F-11D3-BF4B-00C04F79EFBC}") = "Unity.RenderPipelines.Core.ShaderLibrary", "Unity.RenderPipelines.Core.ShaderLibrary.csproj", "{01C7F6F7-2258-FE87-84A1-FD4342AB0FC3}"
EndProject
Project("{FAE04EC0-301F-11D3-BF4B-00C04F79EFBC}") = "Unity.RenderPipelines.Core.Editor.Shared", "Unity.RenderPipelines.Core.Editor.Shared.csproj", "{6A58E278-80B4-CF88-1491-98BA11DE6351}"
EndProject
Project("{FAE04EC0-301F-11D3-BF4B-00C04F79EFBC}") = "Unity.Timeline", "Unity.Timeline.Player.csproj", "{F6C6F53F-2296-0094-5DDB-C55B644C7248}"
EndProject
Project("{FAE04EC0-301F-11D3-BF4B-00C04F79EFBC}") = "Unity.RenderPipelines.GPUDriven.Runtime", "Unity.RenderPipelines.GPUDriven.Runtime.Player.csproj", "{D005D289-569E-A33D-5628-E63F633206E1}"
EndProject
Project("{FAE04EC0-301F-11D3-BF4B-00C04F79EFBC}") = "Unity.RenderPipelines.Core.Runtime", "Unity.RenderPipelines.Core.Runtime.Player.csproj", "{63B0D6BC-11D2-5F85-E91D-73073D6052EF}"
EndProject
Project("{FAE04EC0-301F-11D3-BF4B-00C04F79EFBC}") = "Unity.Mathematics", "Unity.Mathematics.Player.csproj", "{5AF3B92A-595B-CF50-57CB-8E4A0922103F}"
EndProject
Project("{FAE04EC0-301F-11D3-BF4B-00C04F79EFBC}") = "Unity.Collections", "Unity.Collections.Player.csproj", "{7F50A825-F38A-F44C-15E1-1C06B111FA7E}"
EndProject
Project("{FAE04EC0-301F-11D3-BF4B-00C04F79EFBC}") = "UnityEngine.UI", "UnityEngine.UI.Player.csproj", "{34356908-0515-A0C7-8499-F8E3DFDA3EFE}"
EndProject
Project("{FAE04EC0-301F-11D3-BF4B-00C04F79EFBC}") = "Zenject", "Zenject.Player.csproj", "{70642623-ED79-64DC-E396-CF1FFBE3B8DA}"
EndProject
Project("{FAE04EC0-301F-11D3-BF4B-00C04F79EFBC}") = "Zenject-IntegrationTests-Editor", "Zenject-IntegrationTests-Editor.Player.csproj", "{E0190892-A2D1-4CD1-F66B-D91ED78F0C04}"
EndProject
Project("{FAE04EC0-301F-11D3-BF4B-00C04F79EFBC}") = "UnityEngine.TestRunner", "UnityEngine.TestRunner.Player.csproj", "{404BA6DB-1447-479C-15BD-BEDB91A7CC3F}"
EndProject
Project("{FAE04EC0-301F-11D3-BF4B-00C04F79EFBC}") = "Unity.Burst", "Unity.Burst.Player.csproj", "{9F934B3F-A006-EB33-27E8-0A1430BC5C50}"
EndProject
Project("{FAE04EC0-301F-11D3-BF4B-00C04F79EFBC}") = "Unity.RenderPipelines.HighDefinition.Runtime", "Unity.RenderPipelines.HighDefinition.Runtime.Player.csproj", "{B4E24C75-1EEC-6545-B1A1-309A9ECB579D}"
EndProject
Project("{FAE04EC0-301F-11D3-BF4B-00C04F79EFBC}") = "Cinemachine", "Cinemachine.Player.csproj", "{439114BC-5C2D-8E82-DB96-689117C7D7D4}"
EndProject
Project("{FAE04EC0-301F-11D3-BF4B-00C04F79EFBC}") = "Unity.InputSystem", "Unity.InputSystem.Player.csproj", "{3A788F91-50E4-B01C-B090-30FC82C19005}"
EndProject
Project("{FAE04EC0-301F-11D3-BF4B-00C04F79EFBC}") = "UniTask", "UniTask.Player.csproj", "{662848C7-46C6-CB2E-2762-6229B4F723B9}"
EndProject
Project("{FAE04EC0-301F-11D3-BF4B-00C04F79EFBC}") = "Unity.VisualScripting.Core", "Unity.VisualScripting.Core.Player.csproj", "{91B8BB57-E48F-1F82-3FBB-F574727F5733}"
EndProject
Project("{FAE04EC0-301F-11D3-BF4B-00C04F79EFBC}") = "Zenject-IntegrationTests", "Zenject-IntegrationTests.Player.csproj", "{B12F2FD6-1ECD-3269-5557-379FC107A9F7}"
EndProject
Project("{FAE04EC0-301F-11D3-BF4B-00C04F79EFBC}") = "Unity.VisualEffectGraph.Runtime", "Unity.VisualEffectGraph.Runtime.Player.csproj", "{792B3AF2-0C5A-9CE8-B456-93E5FAB2AF82}"
EndProject
Project("{FAE04EC0-301F-11D3-BF4B-00C04F79EFBC}") = "Unity.VisualScripting.Flow", "Unity.VisualScripting.Flow.Player.csproj", "{F040CED2-C912-F1E8-70EA-A95F831D0BEF}"
EndProject
Project("{FAE04EC0-301F-11D3-BF4B-00C04F79EFBC}") = "Unity.PerformanceTesting", "Unity.PerformanceTesting.Player.csproj", "{0C0B75A8-0D9B-2881-A594-7C30218C8676}"
EndProject
Project("{FAE04EC0-301F-11D3-BF4B-00C04F79EFBC}") = "Unity.TextMeshPro", "Unity.TextMeshPro.Player.csproj", "{7706AE64-9B00-8F46-3558-2CDA9F26BEBC}"
EndProject
Project("{FAE04EC0-301F-11D3-BF4B-00C04F79EFBC}") = "UniTask.Linq", "UniTask.Linq.Player.csproj", "{DE297794-194A-609E-D6BC-1E2FB085DA05}"
EndProject
Project("{FAE04EC0-301F-11D3-BF4B-00C04F79EFBC}") = "Unity.Rendering.LightTransport.Runtime", "Unity.Rendering.LightTransport.Runtime.Player.csproj", "{D8EC30F6-F0C0-C8C3-17D0-A43F282E9FF0}"
EndProject
Project("{FAE04EC0-301F-11D3-BF4B-00C04F79EFBC}") = "Unity.VisualScripting.State", "Unity.VisualScripting.State.Player.csproj", "{DEB1F4D3-6F8C-993D-CEA6-7F15AF411CB6}"
EndProject
Project("{FAE04EC0-301F-11D3-BF4B-00C04F79EFBC}") = "Unity.Multiplayer.Center.Common", "Unity.Multiplayer.Center.Common.Player.csproj", "{10CCCE32-924E-CABC-C59D-95ADCFB47805}"
EndProject
Project("{FAE04EC0-301F-11D3-BF4B-00C04F79EFBC}") = "Assembly-CSharp-firstpass", "Assembly-CSharp-firstpass.Player.csproj", "{1C2ABD93-0B61-DAD6-DFC9-BF32272B514D}"
EndProject
Project("{FAE04EC0-301F-11D3-BF4B-00C04F79EFBC}") = "Unity.InputSystem.ForUI", "Unity.InputSystem.ForUI.Player.csproj", "{4871D1F4-F433-D905-CA79-67D11B41EDFC}"
EndProject
Project("{FAE04EC0-301F-11D3-BF4B-00C04F79EFBC}") = "Unity.Tutorials.Core", "Unity.Tutorials.Core.Player.csproj", "{413C9EEC-A506-A541-ACF3-80644823D263}"
EndProject
Project("{FAE04EC0-301F-11D3-BF4B-00C04F79EFBC}") = "UniTask.TextMeshPro", "UniTask.TextMeshPro.Player.csproj", "{EC31D343-E893-CD95-171C-C309C1E54211}"
EndProject
Project("{FAE04EC0-301F-11D3-BF4B-00C04F79EFBC}") = "Assembly-CSharp", "Assembly-CSharp.Player.csproj", "{48171378-D1C0-D88D-060D-F2368C6EE702}"
EndProject
Project("{FAE04EC0-301F-11D3-BF4B-00C04F79EFBC}") = "Unity.InputSystem.TestFramework", "Unity.InputSystem.TestFramework.Player.csproj", "{F67290FE-2B3B-FA45-E3D7-444BEB627751}"
EndProject
Project("{FAE04EC0-301F-11D3-BF4B-00C04F79EFBC}") = "Unity.RenderPipelines.Core.Runtime.Shared", "Unity.RenderPipelines.Core.Runtime.Shared.Player.csproj", "{3A995857-1BB7-11F8-6EA2-C18D5E21749F}"
EndProject
Project("{FAE04EC0-301F-11D3-BF4B-00C04F79EFBC}") = "UniTask.Addressables", "UniTask.Addressables.Player.csproj", "{19349D84-B819-7F77-66F1-610B10512D27}"
EndProject
Project("{FAE04EC0-301F-11D3-BF4B-00C04F79EFBC}") = "Unity.RenderPipelines.HighDefinition.Config.Runtime", "Unity.RenderPipelines.HighDefinition.Config.Runtime.Player.csproj", "{53908CD3-4544-30C9-9942-6A352088428C}"
EndProject
Project("{FAE04EC0-301F-11D3-BF4B-00C04F79EFBC}") = "UniTask.DOTween", "UniTask.DOTween.Player.csproj", "{BCE26945-1BC6-7280-97F5-D6BDD0FF1222}"
EndProject
Project("{FAE04EC0-301F-11D3-BF4B-00C04F79EFBC}") = "Unity.RenderPipelines.ShaderGraph.ShaderGraphLibrary", "Unity.RenderPipelines.ShaderGraph.ShaderGraphLibrary.Player.csproj", "{B8AA35C0-B61E-EB45-7CAF-1C0BFAAA4BCD}"
EndProject
Project("{FAE04EC0-301F-11D3-BF4B-00C04F79EFBC}") = "Unity.RenderPipelines.Core.ShaderLibrary", "Unity.RenderPipelines.Core.ShaderLibrary.Player.csproj", "{6F58FF80-DADB-9436-C5FA-A4A0A1DE0C7C}"
EndProject
Global
	GlobalSection(SolutionConfigurationPlatforms) = preSolution
		Debug|Any CPU = Debug|Any CPU
		Release|Any CPU = Release|Any CPU
	EndGlobalSection
	GlobalSection(ProjectConfigurationPlatforms) = postSolution
		{D7E5647B-BB84-4DAD-5A7E-61AF116B3165}.Debug|Any CPU.ActiveCfg = Debug|Any CPU
		{D7E5647B-BB84-4DAD-5A7E-61AF116B3165}.Debug|Any CPU.Build.0 = Debug|Any CPU
		{D7E5647B-BB84-4DAD-5A7E-61AF116B3165}.Release|Any CPU.ActiveCfg = Release|Any CPU
		{D7E5647B-BB84-4DAD-5A7E-61AF116B3165}.Release|Any CPU.Build.0 = Release|Any CPU
		{868F752B-974B-8CBF-E551-E59EFA53EF5F}.Debug|Any CPU.ActiveCfg = Debug|Any CPU
		{868F752B-974B-8CBF-E551-E59EFA53EF5F}.Debug|Any CPU.Build.0 = Debug|Any CPU
		{868F752B-974B-8CBF-E551-E59EFA53EF5F}.Release|Any CPU.ActiveCfg = Release|Any CPU
		{868F752B-974B-8CBF-E551-E59EFA53EF5F}.Release|Any CPU.Build.0 = Release|Any CPU
		{355F5631-77BA-C577-65C9-01FE9EC0451A}.Debug|Any CPU.ActiveCfg = Debug|Any CPU
		{355F5631-77BA-C577-65C9-01FE9EC0451A}.Debug|Any CPU.Build.0 = Debug|Any CPU
		{355F5631-77BA-C577-65C9-01FE9EC0451A}.Release|Any CPU.ActiveCfg = Release|Any CPU
		{355F5631-77BA-C577-65C9-01FE9EC0451A}.Release|Any CPU.Build.0 = Release|Any CPU
		{7CB6D140-B172-2C59-7DC7-BB67B94038F0}.Debug|Any CPU.ActiveCfg = Debug|Any CPU
		{7CB6D140-B172-2C59-7DC7-BB67B94038F0}.Debug|Any CPU.Build.0 = Debug|Any CPU
		{7CB6D140-B172-2C59-7DC7-BB67B94038F0}.Release|Any CPU.ActiveCfg = Release|Any CPU
		{7CB6D140-B172-2C59-7DC7-BB67B94038F0}.Release|Any CPU.Build.0 = Release|Any CPU
		{581FEA9B-FCEB-F05D-89BF-67C2A8DDD174}.Debug|Any CPU.ActiveCfg = Debug|Any CPU
		{581FEA9B-FCEB-F05D-89BF-67C2A8DDD174}.Debug|Any CPU.Build.0 = Debug|Any CPU
		{581FEA9B-FCEB-F05D-89BF-67C2A8DDD174}.Release|Any CPU.ActiveCfg = Release|Any CPU
		{581FEA9B-FCEB-F05D-89BF-67C2A8DDD174}.Release|Any CPU.Build.0 = Release|Any CPU
		{BF5C812B-1AB1-FBAB-09FB-A9350D2A1341}.Debug|Any CPU.ActiveCfg = Debug|Any CPU
		{BF5C812B-1AB1-FBAB-09FB-A9350D2A1341}.Debug|Any CPU.Build.0 = Debug|Any CPU
		{BF5C812B-1AB1-FBAB-09FB-A9350D2A1341}.Release|Any CPU.ActiveCfg = Release|Any CPU
		{BF5C812B-1AB1-FBAB-09FB-A9350D2A1341}.Release|Any CPU.Build.0 = Release|Any CPU
		{3371DB2A-6C73-6132-9416-9BE1570AA998}.Debug|Any CPU.ActiveCfg = Debug|Any CPU
		{3371DB2A-6C73-6132-9416-9BE1570AA998}.Debug|Any CPU.Build.0 = Debug|Any CPU
		{3371DB2A-6C73-6132-9416-9BE1570AA998}.Release|Any CPU.ActiveCfg = Release|Any CPU
		{3371DB2A-6C73-6132-9416-9BE1570AA998}.Release|Any CPU.Build.0 = Release|Any CPU
		{D13007F2-692F-F232-53B9-37851AD4C977}.Debug|Any CPU.ActiveCfg = Debug|Any CPU
		{D13007F2-692F-F232-53B9-37851AD4C977}.Debug|Any CPU.Build.0 = Debug|Any CPU
		{D13007F2-692F-F232-53B9-37851AD4C977}.Release|Any CPU.ActiveCfg = Release|Any CPU
		{D13007F2-692F-F232-53B9-37851AD4C977}.Release|Any CPU.Build.0 = Release|Any CPU
		{2FD73959-43CB-A6D5-BB2C-564B8CD68897}.Debug|Any CPU.ActiveCfg = Debug|Any CPU
		{2FD73959-43CB-A6D5-BB2C-564B8CD68897}.Debug|Any CPU.Build.0 = Debug|Any CPU
		{2FD73959-43CB-A6D5-BB2C-564B8CD68897}.Release|Any CPU.ActiveCfg = Release|Any CPU
		{2FD73959-43CB-A6D5-BB2C-564B8CD68897}.Release|Any CPU.Build.0 = Release|Any CPU
		{B9788A89-928C-A973-F464-8F6D373CE997}.Debug|Any CPU.ActiveCfg = Debug|Any CPU
		{B9788A89-928C-A973-F464-8F6D373CE997}.Debug|Any CPU.Build.0 = Debug|Any CPU
		{B9788A89-928C-A973-F464-8F6D373CE997}.Release|Any CPU.ActiveCfg = Release|Any CPU
		{B9788A89-928C-A973-F464-8F6D373CE997}.Release|Any CPU.Build.0 = Release|Any CPU
		{B4D16644-2042-D497-DA78-113AE00E377A}.Debug|Any CPU.ActiveCfg = Debug|Any CPU
		{B4D16644-2042-D497-DA78-113AE00E377A}.Debug|Any CPU.Build.0 = Debug|Any CPU
		{B4D16644-2042-D497-DA78-113AE00E377A}.Release|Any CPU.ActiveCfg = Release|Any CPU
		{B4D16644-2042-D497-DA78-113AE00E377A}.Release|Any CPU.Build.0 = Release|Any CPU
		{9537C04F-C2F7-AE13-8A0C-CFC733AD79A3}.Debug|Any CPU.ActiveCfg = Debug|Any CPU
		{9537C04F-C2F7-AE13-8A0C-CFC733AD79A3}.Debug|Any CPU.Build.0 = Debug|Any CPU
		{9537C04F-C2F7-AE13-8A0C-CFC733AD79A3}.Release|Any CPU.ActiveCfg = Release|Any CPU
		{9537C04F-C2F7-AE13-8A0C-CFC733AD79A3}.Release|Any CPU.Build.0 = Release|Any CPU
		{F6E27ED4-9B0B-E033-66B5-700671396A2F}.Debug|Any CPU.ActiveCfg = Debug|Any CPU
		{F6E27ED4-9B0B-E033-66B5-700671396A2F}.Debug|Any CPU.Build.0 = Debug|Any CPU
		{F6E27ED4-9B0B-E033-66B5-700671396A2F}.Release|Any CPU.ActiveCfg = Release|Any CPU
		{F6E27ED4-9B0B-E033-66B5-700671396A2F}.Release|Any CPU.Build.0 = Release|Any CPU
		{DC3B60A7-2C5A-3BC4-CDA3-DD5D90B12395}.Debug|Any CPU.ActiveCfg = Debug|Any CPU
		{DC3B60A7-2C5A-3BC4-CDA3-DD5D90B12395}.Debug|Any CPU.Build.0 = Debug|Any CPU
		{DC3B60A7-2C5A-3BC4-CDA3-DD5D90B12395}.Release|Any CPU.ActiveCfg = Release|Any CPU
		{DC3B60A7-2C5A-3BC4-CDA3-DD5D90B12395}.Release|Any CPU.Build.0 = Release|Any CPU
		{270F68E1-96D4-42D1-745A-2C9404943CFC}.Debug|Any CPU.ActiveCfg = Debug|Any CPU
		{270F68E1-96D4-42D1-745A-2C9404943CFC}.Debug|Any CPU.Build.0 = Debug|Any CPU
		{270F68E1-96D4-42D1-745A-2C9404943CFC}.Release|Any CPU.ActiveCfg = Release|Any CPU
		{270F68E1-96D4-42D1-745A-2C9404943CFC}.Release|Any CPU.Build.0 = Release|Any CPU
		{384D8EFC-E12E-0E5F-FCE5-3924A5F05675}.Debug|Any CPU.ActiveCfg = Debug|Any CPU
		{384D8EFC-E12E-0E5F-FCE5-3924A5F05675}.Debug|Any CPU.Build.0 = Debug|Any CPU
		{384D8EFC-E12E-0E5F-FCE5-3924A5F05675}.Release|Any CPU.ActiveCfg = Release|Any CPU
		{384D8EFC-E12E-0E5F-FCE5-3924A5F05675}.Release|Any CPU.Build.0 = Release|Any CPU
		{09D9F7A3-D669-FD7B-CAAC-B6DDF676BF10}.Debug|Any CPU.ActiveCfg = Debug|Any CPU
		{09D9F7A3-D669-FD7B-CAAC-B6DDF676BF10}.Debug|Any CPU.Build.0 = Debug|Any CPU
		{09D9F7A3-D669-FD7B-CAAC-B6DDF676BF10}.Release|Any CPU.ActiveCfg = Release|Any CPU
		{09D9F7A3-D669-FD7B-CAAC-B6DDF676BF10}.Release|Any CPU.Build.0 = Release|Any CPU
		{B37E6F19-E046-F390-7A23-4ACD49D2DD41}.Debug|Any CPU.ActiveCfg = Debug|Any CPU
		{B37E6F19-E046-F390-7A23-4ACD49D2DD41}.Debug|Any CPU.Build.0 = Debug|Any CPU
		{B37E6F19-E046-F390-7A23-4ACD49D2DD41}.Release|Any CPU.ActiveCfg = Release|Any CPU
		{B37E6F19-E046-F390-7A23-4ACD49D2DD41}.Release|Any CPU.Build.0 = Release|Any CPU
		{E28E13CE-1243-5FCB-5E46-94443BD91286}.Debug|Any CPU.ActiveCfg = Debug|Any CPU
		{E28E13CE-1243-5FCB-5E46-94443BD91286}.Debug|Any CPU.Build.0 = Debug|Any CPU
		{E28E13CE-1243-5FCB-5E46-94443BD91286}.Release|Any CPU.ActiveCfg = Release|Any CPU
		{E28E13CE-1243-5FCB-5E46-94443BD91286}.Release|Any CPU.Build.0 = Release|Any CPU
		{5B14E8C6-E3BD-704D-EABD-890C25D83673}.Debug|Any CPU.ActiveCfg = Debug|Any CPU
		{5B14E8C6-E3BD-704D-EABD-890C25D83673}.Debug|Any CPU.Build.0 = Debug|Any CPU
		{5B14E8C6-E3BD-704D-EABD-890C25D83673}.Release|Any CPU.ActiveCfg = Release|Any CPU
		{5B14E8C6-E3BD-704D-EABD-890C25D83673}.Release|Any CPU.Build.0 = Release|Any CPU
		{BC750DBC-260A-137F-4E60-0B2A88C12D67}.Debug|Any CPU.ActiveCfg = Debug|Any CPU
		{BC750DBC-260A-137F-4E60-0B2A88C12D67}.Debug|Any CPU.Build.0 = Debug|Any CPU
		{BC750DBC-260A-137F-4E60-0B2A88C12D67}.Release|Any CPU.ActiveCfg = Release|Any CPU
		{BC750DBC-260A-137F-4E60-0B2A88C12D67}.Release|Any CPU.Build.0 = Release|Any CPU
		{00214B2A-4C6E-3658-10F7-DDD9CCB46847}.Debug|Any CPU.ActiveCfg = Debug|Any CPU
		{00214B2A-4C6E-3658-10F7-DDD9CCB46847}.Debug|Any CPU.Build.0 = Debug|Any CPU
		{00214B2A-4C6E-3658-10F7-DDD9CCB46847}.Release|Any CPU.ActiveCfg = Release|Any CPU
		{00214B2A-4C6E-3658-10F7-DDD9CCB46847}.Release|Any CPU.Build.0 = Release|Any CPU
		{63166174-EE42-72F7-A26F-D045E67AB7A3}.Debug|Any CPU.ActiveCfg = Debug|Any CPU
		{63166174-EE42-72F7-A26F-D045E67AB7A3}.Debug|Any CPU.Build.0 = Debug|Any CPU
		{63166174-EE42-72F7-A26F-D045E67AB7A3}.Release|Any CPU.ActiveCfg = Release|Any CPU
		{63166174-EE42-72F7-A26F-D045E67AB7A3}.Release|Any CPU.Build.0 = Release|Any CPU
		{A2887BC4-56AE-1754-3354-288584F579E7}.Debug|Any CPU.ActiveCfg = Debug|Any CPU
		{A2887BC4-56AE-1754-3354-288584F579E7}.Debug|Any CPU.Build.0 = Debug|Any CPU
		{A2887BC4-56AE-1754-3354-288584F579E7}.Release|Any CPU.ActiveCfg = Release|Any CPU
		{A2887BC4-56AE-1754-3354-288584F579E7}.Release|Any CPU.Build.0 = Release|Any CPU
		{07116902-60FD-EA22-F1D9-D06625D13FA6}.Debug|Any CPU.ActiveCfg = Debug|Any CPU
		{07116902-60FD-EA22-F1D9-D06625D13FA6}.Debug|Any CPU.Build.0 = Debug|Any CPU
		{07116902-60FD-EA22-F1D9-D06625D13FA6}.Release|Any CPU.ActiveCfg = Release|Any CPU
		{07116902-60FD-EA22-F1D9-D06625D13FA6}.Release|Any CPU.Build.0 = Release|Any CPU
		{3FE37876-8E94-1435-1301-164C60677622}.Debug|Any CPU.ActiveCfg = Debug|Any CPU
		{3FE37876-8E94-1435-1301-164C60677622}.Debug|Any CPU.Build.0 = Debug|Any CPU
		{3FE37876-8E94-1435-1301-164C60677622}.Release|Any CPU.ActiveCfg = Release|Any CPU
		{3FE37876-8E94-1435-1301-164C60677622}.Release|Any CPU.Build.0 = Release|Any CPU
		{9472035B-963E-DCBF-562F-F5564BEC5D8F}.Debug|Any CPU.ActiveCfg = Debug|Any CPU
		{9472035B-963E-DCBF-562F-F5564BEC5D8F}.Debug|Any CPU.Build.0 = Debug|Any CPU
		{9472035B-963E-DCBF-562F-F5564BEC5D8F}.Release|Any CPU.ActiveCfg = Release|Any CPU
		{9472035B-963E-DCBF-562F-F5564BEC5D8F}.Release|Any CPU.Build.0 = Release|Any CPU
		{40787CD9-7B02-7DAA-343A-712E63FC6C72}.Debug|Any CPU.ActiveCfg = Debug|Any CPU
		{40787CD9-7B02-7DAA-343A-712E63FC6C72}.Debug|Any CPU.Build.0 = Debug|Any CPU
		{40787CD9-7B02-7DAA-343A-712E63FC6C72}.Release|Any CPU.ActiveCfg = Release|Any CPU
		{40787CD9-7B02-7DAA-343A-712E63FC6C72}.Release|Any CPU.Build.0 = Release|Any CPU
		{0234B5D1-987D-1087-2296-F54B0FD30D22}.Debug|Any CPU.ActiveCfg = Debug|Any CPU
		{0234B5D1-987D-1087-2296-F54B0FD30D22}.Debug|Any CPU.Build.0 = Debug|Any CPU
		{0234B5D1-987D-1087-2296-F54B0FD30D22}.Release|Any CPU.ActiveCfg = Release|Any CPU
		{0234B5D1-987D-1087-2296-F54B0FD30D22}.Release|Any CPU.Build.0 = Release|Any CPU
		{581A72C1-150A-4184-D2A4-F1E19888BA57}.Debug|Any CPU.ActiveCfg = Debug|Any CPU
		{581A72C1-150A-4184-D2A4-F1E19888BA57}.Debug|Any CPU.Build.0 = Debug|Any CPU
		{581A72C1-150A-4184-D2A4-F1E19888BA57}.Release|Any CPU.ActiveCfg = Release|Any CPU
		{581A72C1-150A-4184-D2A4-F1E19888BA57}.Release|Any CPU.Build.0 = Release|Any CPU
		{ACB22330-B9F1-52F6-BAE3-368E4F63CADC}.Debug|Any CPU.ActiveCfg = Debug|Any CPU
		{ACB22330-B9F1-52F6-BAE3-368E4F63CADC}.Debug|Any CPU.Build.0 = Debug|Any CPU
		{ACB22330-B9F1-52F6-BAE3-368E4F63CADC}.Release|Any CPU.ActiveCfg = Release|Any CPU
		{ACB22330-B9F1-52F6-BAE3-368E4F63CADC}.Release|Any CPU.Build.0 = Release|Any CPU
		{4C8C1973-50E4-748D-8DA6-601B9B749F8B}.Debug|Any CPU.ActiveCfg = Debug|Any CPU
		{4C8C1973-50E4-748D-8DA6-601B9B749F8B}.Debug|Any CPU.Build.0 = Debug|Any CPU
		{4C8C1973-50E4-748D-8DA6-601B9B749F8B}.Release|Any CPU.ActiveCfg = Release|Any CPU
		{4C8C1973-50E4-748D-8DA6-601B9B749F8B}.Release|Any CPU.Build.0 = Release|Any CPU
		{83BF6C6D-EFB8-520B-8C91-B223DCAD8B40}.Debug|Any CPU.ActiveCfg = Debug|Any CPU
		{83BF6C6D-EFB8-520B-8C91-B223DCAD8B40}.Debug|Any CPU.Build.0 = Debug|Any CPU
		{83BF6C6D-EFB8-520B-8C91-B223DCAD8B40}.Release|Any CPU.ActiveCfg = Release|Any CPU
		{83BF6C6D-EFB8-520B-8C91-B223DCAD8B40}.Release|Any CPU.Build.0 = Release|Any CPU
		{DB4452AC-D35D-2ADA-EB85-5DEE04570C8F}.Debug|Any CPU.ActiveCfg = Debug|Any CPU
		{DB4452AC-D35D-2ADA-EB85-5DEE04570C8F}.Debug|Any CPU.Build.0 = Debug|Any CPU
		{DB4452AC-D35D-2ADA-EB85-5DEE04570C8F}.Release|Any CPU.ActiveCfg = Release|Any CPU
		{DB4452AC-D35D-2ADA-EB85-5DEE04570C8F}.Release|Any CPU.Build.0 = Release|Any CPU
		{28D1C25C-2382-B394-DF46-9322EC7A5E48}.Debug|Any CPU.ActiveCfg = Debug|Any CPU
		{28D1C25C-2382-B394-DF46-9322EC7A5E48}.Debug|Any CPU.Build.0 = Debug|Any CPU
		{28D1C25C-2382-B394-DF46-9322EC7A5E48}.Release|Any CPU.ActiveCfg = Release|Any CPU
		{28D1C25C-2382-B394-DF46-9322EC7A5E48}.Release|Any CPU.Build.0 = Release|Any CPU
		{947572FB-E53B-E7FA-C9D7-253C844EB193}.Debug|Any CPU.ActiveCfg = Debug|Any CPU
		{947572FB-E53B-E7FA-C9D7-253C844EB193}.Debug|Any CPU.Build.0 = Debug|Any CPU
		{947572FB-E53B-E7FA-C9D7-253C844EB193}.Release|Any CPU.ActiveCfg = Release|Any CPU
		{947572FB-E53B-E7FA-C9D7-253C844EB193}.Release|Any CPU.Build.0 = Release|Any CPU
		{CECB2E12-1BB0-5907-0F2C-5623431B42F2}.Debug|Any CPU.ActiveCfg = Debug|Any CPU
		{CECB2E12-1BB0-5907-0F2C-5623431B42F2}.Debug|Any CPU.Build.0 = Debug|Any CPU
		{CECB2E12-1BB0-5907-0F2C-5623431B42F2}.Release|Any CPU.ActiveCfg = Release|Any CPU
		{CECB2E12-1BB0-5907-0F2C-5623431B42F2}.Release|Any CPU.Build.0 = Release|Any CPU
		{2F56E78C-620D-C0B7-BFF0-AB4513EB9DD7}.Debug|Any CPU.ActiveCfg = Debug|Any CPU
		{2F56E78C-620D-C0B7-BFF0-AB4513EB9DD7}.Debug|Any CPU.Build.0 = Debug|Any CPU
		{2F56E78C-620D-C0B7-BFF0-AB4513EB9DD7}.Release|Any CPU.ActiveCfg = Release|Any CPU
		{2F56E78C-620D-C0B7-BFF0-AB4513EB9DD7}.Release|Any CPU.Build.0 = Release|Any CPU
		{9818BB11-B368-9044-E441-62CC7EED9145}.Debug|Any CPU.ActiveCfg = Debug|Any CPU
		{9818BB11-B368-9044-E441-62CC7EED9145}.Debug|Any CPU.Build.0 = Debug|Any CPU
		{9818BB11-B368-9044-E441-62CC7EED9145}.Release|Any CPU.ActiveCfg = Release|Any CPU
		{9818BB11-B368-9044-E441-62CC7EED9145}.Release|Any CPU.Build.0 = Release|Any CPU
		{8827AB25-C08B-DA5B-F54F-6D745B594849}.Debug|Any CPU.ActiveCfg = Debug|Any CPU
		{8827AB25-C08B-DA5B-F54F-6D745B594849}.Debug|Any CPU.Build.0 = Debug|Any CPU
		{8827AB25-C08B-DA5B-F54F-6D745B594849}.Release|Any CPU.ActiveCfg = Release|Any CPU
		{8827AB25-C08B-DA5B-F54F-6D745B594849}.Release|Any CPU.Build.0 = Release|Any CPU
		{595F8104-22D9-D900-75C9-B97C0EEF533E}.Debug|Any CPU.ActiveCfg = Debug|Any CPU
		{595F8104-22D9-D900-75C9-B97C0EEF533E}.Debug|Any CPU.Build.0 = Debug|Any CPU
		{595F8104-22D9-D900-75C9-B97C0EEF533E}.Release|Any CPU.ActiveCfg = Release|Any CPU
		{595F8104-22D9-D900-75C9-B97C0EEF533E}.Release|Any CPU.Build.0 = Release|Any CPU
		{4A7C84F9-780F-5C95-ECE1-C389B10FD280}.Debug|Any CPU.ActiveCfg = Debug|Any CPU
		{4A7C84F9-780F-5C95-ECE1-C389B10FD280}.Debug|Any CPU.Build.0 = Debug|Any CPU
		{4A7C84F9-780F-5C95-ECE1-C389B10FD280}.Release|Any CPU.ActiveCfg = Release|Any CPU
		{4A7C84F9-780F-5C95-ECE1-C389B10FD280}.Release|Any CPU.Build.0 = Release|Any CPU
		{0C91ADA2-2276-6040-7C2D-CA325EA4C127}.Debug|Any CPU.ActiveCfg = Debug|Any CPU
		{0C91ADA2-2276-6040-7C2D-CA325EA4C127}.Debug|Any CPU.Build.0 = Debug|Any CPU
		{0C91ADA2-2276-6040-7C2D-CA325EA4C127}.Release|Any CPU.ActiveCfg = Release|Any CPU
		{0C91ADA2-2276-6040-7C2D-CA325EA4C127}.Release|Any CPU.Build.0 = Release|Any CPU
		{4F1901F1-A5B7-4EC7-640B-151E9B060868}.Debug|Any CPU.ActiveCfg = Debug|Any CPU
		{4F1901F1-A5B7-4EC7-640B-151E9B060868}.Debug|Any CPU.Build.0 = Debug|Any CPU
		{4F1901F1-A5B7-4EC7-640B-151E9B060868}.Release|Any CPU.ActiveCfg = Release|Any CPU
		{4F1901F1-A5B7-4EC7-640B-151E9B060868}.Release|Any CPU.Build.0 = Release|Any CPU
		{7FE97C3B-5FAC-1680-BE26-970A9FE8587B}.Debug|Any CPU.ActiveCfg = Debug|Any CPU
		{7FE97C3B-5FAC-1680-BE26-970A9FE8587B}.Debug|Any CPU.Build.0 = Debug|Any CPU
		{7FE97C3B-5FAC-1680-BE26-970A9FE8587B}.Release|Any CPU.ActiveCfg = Release|Any CPU
		{7FE97C3B-5FAC-1680-BE26-970A9FE8587B}.Release|Any CPU.Build.0 = Release|Any CPU
		{4F7578C2-F029-57C9-B164-524AE2B2EBC0}.Debug|Any CPU.ActiveCfg = Debug|Any CPU
		{4F7578C2-F029-57C9-B164-524AE2B2EBC0}.Debug|Any CPU.Build.0 = Debug|Any CPU
		{4F7578C2-F029-57C9-B164-524AE2B2EBC0}.Release|Any CPU.ActiveCfg = Release|Any CPU
		{4F7578C2-F029-57C9-B164-524AE2B2EBC0}.Release|Any CPU.Build.0 = Release|Any CPU
		{4AD1A867-15A6-0203-3195-114AF63752B3}.Debug|Any CPU.ActiveCfg = Debug|Any CPU
		{4AD1A867-15A6-0203-3195-114AF63752B3}.Debug|Any CPU.Build.0 = Debug|Any CPU
		{4AD1A867-15A6-0203-3195-114AF63752B3}.Release|Any CPU.ActiveCfg = Release|Any CPU
		{4AD1A867-15A6-0203-3195-114AF63752B3}.Release|Any CPU.Build.0 = Release|Any CPU
		{DE2B8000-DE0D-8120-AE6E-B00486347046}.Debug|Any CPU.ActiveCfg = Debug|Any CPU
		{DE2B8000-DE0D-8120-AE6E-B00486347046}.Debug|Any CPU.Build.0 = Debug|Any CPU
		{DE2B8000-DE0D-8120-AE6E-B00486347046}.Release|Any CPU.ActiveCfg = Release|Any CPU
		{DE2B8000-DE0D-8120-AE6E-B00486347046}.Release|Any CPU.Build.0 = Release|Any CPU
		{0933DED3-6FA4-3DFD-EEC4-86BDE0271345}.Debug|Any CPU.ActiveCfg = Debug|Any CPU
		{0933DED3-6FA4-3DFD-EEC4-86BDE0271345}.Debug|Any CPU.Build.0 = Debug|Any CPU
		{0933DED3-6FA4-3DFD-EEC4-86BDE0271345}.Release|Any CPU.ActiveCfg = Release|Any CPU
		{0933DED3-6FA4-3DFD-EEC4-86BDE0271345}.Release|Any CPU.Build.0 = Release|Any CPU
		{1D6764C0-D086-3DD6-EB41-125013A5231E}.Debug|Any CPU.ActiveCfg = Debug|Any CPU
		{1D6764C0-D086-3DD6-EB41-125013A5231E}.Debug|Any CPU.Build.0 = Debug|Any CPU
		{1D6764C0-D086-3DD6-EB41-125013A5231E}.Release|Any CPU.ActiveCfg = Release|Any CPU
		{1D6764C0-D086-3DD6-EB41-125013A5231E}.Release|Any CPU.Build.0 = Release|Any CPU
		{1076F8CC-A7B4-434C-4BBD-6B9C50DAFFD4}.Debug|Any CPU.ActiveCfg = Debug|Any CPU
		{1076F8CC-A7B4-434C-4BBD-6B9C50DAFFD4}.Debug|Any CPU.Build.0 = Debug|Any CPU
		{1076F8CC-A7B4-434C-4BBD-6B9C50DAFFD4}.Release|Any CPU.ActiveCfg = Release|Any CPU
		{1076F8CC-A7B4-434C-4BBD-6B9C50DAFFD4}.Release|Any CPU.Build.0 = Release|Any CPU
		{0E444499-A760-0E33-B81C-7DF4BA8982F8}.Debug|Any CPU.ActiveCfg = Debug|Any CPU
		{0E444499-A760-0E33-B81C-7DF4BA8982F8}.Debug|Any CPU.Build.0 = Debug|Any CPU
		{0E444499-A760-0E33-B81C-7DF4BA8982F8}.Release|Any CPU.ActiveCfg = Release|Any CPU
		{0E444499-A760-0E33-B81C-7DF4BA8982F8}.Release|Any CPU.Build.0 = Release|Any CPU
		{9D878491-414A-8651-5BBB-FF37FE8ABD35}.Debug|Any CPU.ActiveCfg = Debug|Any CPU
		{9D878491-414A-8651-5BBB-FF37FE8ABD35}.Debug|Any CPU.Build.0 = Debug|Any CPU
		{9D878491-414A-8651-5BBB-FF37FE8ABD35}.Release|Any CPU.ActiveCfg = Release|Any CPU
		{9D878491-414A-8651-5BBB-FF37FE8ABD35}.Release|Any CPU.Build.0 = Release|Any CPU
		{2F5A3742-5812-702D-8246-AFD0D9E79123}.Debug|Any CPU.ActiveCfg = Debug|Any CPU
		{2F5A3742-5812-702D-8246-AFD0D9E79123}.Debug|Any CPU.Build.0 = Debug|Any CPU
		{2F5A3742-5812-702D-8246-AFD0D9E79123}.Release|Any CPU.ActiveCfg = Release|Any CPU
		{2F5A3742-5812-702D-8246-AFD0D9E79123}.Release|Any CPU.Build.0 = Release|Any CPU
		{E2836D0F-448B-AD68-D510-F978C9D950D1}.Debug|Any CPU.ActiveCfg = Debug|Any CPU
		{E2836D0F-448B-AD68-D510-F978C9D950D1}.Debug|Any CPU.Build.0 = Debug|Any CPU
		{E2836D0F-448B-AD68-D510-F978C9D950D1}.Release|Any CPU.ActiveCfg = Release|Any CPU
		{E2836D0F-448B-AD68-D510-F978C9D950D1}.Release|Any CPU.Build.0 = Release|Any CPU
		{5661AB4B-4A24-0B97-D51E-A496E09ACBAA}.Debug|Any CPU.ActiveCfg = Debug|Any CPU
		{5661AB4B-4A24-0B97-D51E-A496E09ACBAA}.Debug|Any CPU.Build.0 = Debug|Any CPU
		{5661AB4B-4A24-0B97-D51E-A496E09ACBAA}.Release|Any CPU.ActiveCfg = Release|Any CPU
		{5661AB4B-4A24-0B97-D51E-A496E09ACBAA}.Release|Any CPU.Build.0 = Release|Any CPU
		{21EA18CC-2A22-285D-1CA4-EFE21EFA99D3}.Debug|Any CPU.ActiveCfg = Debug|Any CPU
		{21EA18CC-2A22-285D-1CA4-EFE21EFA99D3}.Debug|Any CPU.Build.0 = Debug|Any CPU
		{21EA18CC-2A22-285D-1CA4-EFE21EFA99D3}.Release|Any CPU.ActiveCfg = Release|Any CPU
		{21EA18CC-2A22-285D-1CA4-EFE21EFA99D3}.Release|Any CPU.Build.0 = Release|Any CPU
		{EA9D6C33-F04C-52F1-BEDC-634573265C01}.Debug|Any CPU.ActiveCfg = Debug|Any CPU
		{EA9D6C33-F04C-52F1-BEDC-634573265C01}.Debug|Any CPU.Build.0 = Debug|Any CPU
		{EA9D6C33-F04C-52F1-BEDC-634573265C01}.Release|Any CPU.ActiveCfg = Release|Any CPU
		{EA9D6C33-F04C-52F1-BEDC-634573265C01}.Release|Any CPU.Build.0 = Release|Any CPU
		{3A31CB10-BB46-3FBD-6BCE-52267E5362A4}.Debug|Any CPU.ActiveCfg = Debug|Any CPU
		{3A31CB10-BB46-3FBD-6BCE-52267E5362A4}.Debug|Any CPU.Build.0 = Debug|Any CPU
		{3A31CB10-BB46-3FBD-6BCE-52267E5362A4}.Release|Any CPU.ActiveCfg = Release|Any CPU
		{3A31CB10-BB46-3FBD-6BCE-52267E5362A4}.Release|Any CPU.Build.0 = Release|Any CPU
		{8E0A1F33-D0B7-87F2-79E8-1443CF1A6C12}.Debug|Any CPU.ActiveCfg = Debug|Any CPU
		{8E0A1F33-D0B7-87F2-79E8-1443CF1A6C12}.Debug|Any CPU.Build.0 = Debug|Any CPU
		{8E0A1F33-D0B7-87F2-79E8-1443CF1A6C12}.Release|Any CPU.ActiveCfg = Release|Any CPU
		{8E0A1F33-D0B7-87F2-79E8-1443CF1A6C12}.Release|Any CPU.Build.0 = Release|Any CPU
		{74A106DA-292A-C41E-B36C-FC016E081CAF}.Debug|Any CPU.ActiveCfg = Debug|Any CPU
		{74A106DA-292A-C41E-B36C-FC016E081CAF}.Debug|Any CPU.Build.0 = Debug|Any CPU
		{74A106DA-292A-C41E-B36C-FC016E081CAF}.Release|Any CPU.ActiveCfg = Release|Any CPU
		{74A106DA-292A-C41E-B36C-FC016E081CAF}.Release|Any CPU.Build.0 = Release|Any CPU
		{80F72E21-A1D6-641B-FACC-51B31F767BBA}.Debug|Any CPU.ActiveCfg = Debug|Any CPU
		{80F72E21-A1D6-641B-FACC-51B31F767BBA}.Debug|Any CPU.Build.0 = Debug|Any CPU
		{80F72E21-A1D6-641B-FACC-51B31F767BBA}.Release|Any CPU.ActiveCfg = Release|Any CPU
		{80F72E21-A1D6-641B-FACC-51B31F767BBA}.Release|Any CPU.Build.0 = Release|Any CPU
		{1F122203-AA55-9B2C-58B5-7B1485787305}.Debug|Any CPU.ActiveCfg = Debug|Any CPU
		{1F122203-AA55-9B2C-58B5-7B1485787305}.Debug|Any CPU.Build.0 = Debug|Any CPU
		{1F122203-AA55-9B2C-58B5-7B1485787305}.Release|Any CPU.ActiveCfg = Release|Any CPU
		{1F122203-AA55-9B2C-58B5-7B1485787305}.Release|Any CPU.Build.0 = Release|Any CPU
		{47186DE4-B348-08E3-604A-141728217FB3}.Debug|Any CPU.ActiveCfg = Debug|Any CPU
		{47186DE4-B348-08E3-604A-141728217FB3}.Debug|Any CPU.Build.0 = Debug|Any CPU
		{47186DE4-B348-08E3-604A-141728217FB3}.Release|Any CPU.ActiveCfg = Release|Any CPU
		{47186DE4-B348-08E3-604A-141728217FB3}.Release|Any CPU.Build.0 = Release|Any CPU
		{17BB7AF0-A1AD-DCE4-09CE-1D3A3635465B}.Debug|Any CPU.ActiveCfg = Debug|Any CPU
		{17BB7AF0-A1AD-DCE4-09CE-1D3A3635465B}.Debug|Any CPU.Build.0 = Debug|Any CPU
		{17BB7AF0-A1AD-DCE4-09CE-1D3A3635465B}.Release|Any CPU.ActiveCfg = Release|Any CPU
		{17BB7AF0-A1AD-DCE4-09CE-1D3A3635465B}.Release|Any CPU.Build.0 = Release|Any CPU
		{72D73972-165D-D5E9-488A-E943E8128596}.Debug|Any CPU.ActiveCfg = Debug|Any CPU
		{72D73972-165D-D5E9-488A-E943E8128596}.Debug|Any CPU.Build.0 = Debug|Any CPU
		{72D73972-165D-D5E9-488A-E943E8128596}.Release|Any CPU.ActiveCfg = Release|Any CPU
		{72D73972-165D-D5E9-488A-E943E8128596}.Release|Any CPU.Build.0 = Release|Any CPU
		{209E4E44-8CF8-FF00-597B-BFA0445FF4ED}.Debug|Any CPU.ActiveCfg = Debug|Any CPU
		{209E4E44-8CF8-FF00-597B-BFA0445FF4ED}.Debug|Any CPU.Build.0 = Debug|Any CPU
		{209E4E44-8CF8-FF00-597B-BFA0445FF4ED}.Release|Any CPU.ActiveCfg = Release|Any CPU
		{209E4E44-8CF8-FF00-597B-BFA0445FF4ED}.Release|Any CPU.Build.0 = Release|Any CPU
		{E7C40036-DD3F-C37B-9D86-068DDE1B5CF8}.Debug|Any CPU.ActiveCfg = Debug|Any CPU
		{E7C40036-DD3F-C37B-9D86-068DDE1B5CF8}.Debug|Any CPU.Build.0 = Debug|Any CPU
		{E7C40036-DD3F-C37B-9D86-068DDE1B5CF8}.Release|Any CPU.ActiveCfg = Release|Any CPU
		{E7C40036-DD3F-C37B-9D86-068DDE1B5CF8}.Release|Any CPU.Build.0 = Release|Any CPU
		{52291D14-769A-6C58-6FFA-5D227C6C1188}.Debug|Any CPU.ActiveCfg = Debug|Any CPU
		{52291D14-769A-6C58-6FFA-5D227C6C1188}.Debug|Any CPU.Build.0 = Debug|Any CPU
		{52291D14-769A-6C58-6FFA-5D227C6C1188}.Release|Any CPU.ActiveCfg = Release|Any CPU
		{52291D14-769A-6C58-6FFA-5D227C6C1188}.Release|Any CPU.Build.0 = Release|Any CPU
		{C505ECF2-8A68-B830-D70A-15C93D467EA2}.Debug|Any CPU.ActiveCfg = Debug|Any CPU
		{C505ECF2-8A68-B830-D70A-15C93D467EA2}.Debug|Any CPU.Build.0 = Debug|Any CPU
		{C505ECF2-8A68-B830-D70A-15C93D467EA2}.Release|Any CPU.ActiveCfg = Release|Any CPU
		{C505ECF2-8A68-B830-D70A-15C93D467EA2}.Release|Any CPU.Build.0 = Release|Any CPU
		{F3BCB79B-E096-3D78-B038-D0160F1F310F}.Debug|Any CPU.ActiveCfg = Debug|Any CPU
		{F3BCB79B-E096-3D78-B038-D0160F1F310F}.Debug|Any CPU.Build.0 = Debug|Any CPU
		{F3BCB79B-E096-3D78-B038-D0160F1F310F}.Release|Any CPU.ActiveCfg = Release|Any CPU
		{F3BCB79B-E096-3D78-B038-D0160F1F310F}.Release|Any CPU.Build.0 = Release|Any CPU
		{5AAB988D-9252-BF9E-DEB1-76F6DAC96F01}.Debug|Any CPU.ActiveCfg = Debug|Any CPU
		{5AAB988D-9252-BF9E-DEB1-76F6DAC96F01}.Debug|Any CPU.Build.0 = Debug|Any CPU
		{5AAB988D-9252-BF9E-DEB1-76F6DAC96F01}.Release|Any CPU.ActiveCfg = Release|Any CPU
		{5AAB988D-9252-BF9E-DEB1-76F6DAC96F01}.Release|Any CPU.Build.0 = Release|Any CPU
		{C42A18E6-AEA5-52D4-A3BF-599D701566DE}.Debug|Any CPU.ActiveCfg = Debug|Any CPU
		{C42A18E6-AEA5-52D4-A3BF-599D701566DE}.Debug|Any CPU.Build.0 = Debug|Any CPU
		{C42A18E6-AEA5-52D4-A3BF-599D701566DE}.Release|Any CPU.ActiveCfg = Release|Any CPU
		{C42A18E6-AEA5-52D4-A3BF-599D701566DE}.Release|Any CPU.Build.0 = Release|Any CPU
		{4C40AE67-4355-F7FE-8EE5-77AB6FE0F895}.Debug|Any CPU.ActiveCfg = Debug|Any CPU
		{4C40AE67-4355-F7FE-8EE5-77AB6FE0F895}.Debug|Any CPU.Build.0 = Debug|Any CPU
		{4C40AE67-4355-F7FE-8EE5-77AB6FE0F895}.Release|Any CPU.ActiveCfg = Release|Any CPU
		{4C40AE67-4355-F7FE-8EE5-77AB6FE0F895}.Release|Any CPU.Build.0 = Release|Any CPU
		{08C5E520-8A06-1402-12C6-806E46F20E54}.Debug|Any CPU.ActiveCfg = Debug|Any CPU
		{08C5E520-8A06-1402-12C6-806E46F20E54}.Debug|Any CPU.Build.0 = Debug|Any CPU
		{08C5E520-8A06-1402-12C6-806E46F20E54}.Release|Any CPU.ActiveCfg = Release|Any CPU
		{08C5E520-8A06-1402-12C6-806E46F20E54}.Release|Any CPU.Build.0 = Release|Any CPU
		{E777080C-68B2-BED1-8792-B34BCCE290EC}.Debug|Any CPU.ActiveCfg = Debug|Any CPU
		{E777080C-68B2-BED1-8792-B34BCCE290EC}.Debug|Any CPU.Build.0 = Debug|Any CPU
		{E777080C-68B2-BED1-8792-B34BCCE290EC}.Release|Any CPU.ActiveCfg = Release|Any CPU
		{E777080C-68B2-BED1-8792-B34BCCE290EC}.Release|Any CPU.Build.0 = Release|Any CPU
		{EA0EF30B-6EE9-D0FE-8E7D-036BD3909668}.Debug|Any CPU.ActiveCfg = Debug|Any CPU
		{EA0EF30B-6EE9-D0FE-8E7D-036BD3909668}.Debug|Any CPU.Build.0 = Debug|Any CPU
		{EA0EF30B-6EE9-D0FE-8E7D-036BD3909668}.Release|Any CPU.ActiveCfg = Release|Any CPU
		{EA0EF30B-6EE9-D0FE-8E7D-036BD3909668}.Release|Any CPU.Build.0 = Release|Any CPU
		{11CB87AA-7789-9C75-C379-E93CB1BAA638}.Debug|Any CPU.ActiveCfg = Debug|Any CPU
		{11CB87AA-7789-9C75-C379-E93CB1BAA638}.Debug|Any CPU.Build.0 = Debug|Any CPU
		{11CB87AA-7789-9C75-C379-E93CB1BAA638}.Release|Any CPU.ActiveCfg = Release|Any CPU
		{11CB87AA-7789-9C75-C379-E93CB1BAA638}.Release|Any CPU.Build.0 = Release|Any CPU
		{D130E42E-942E-24A2-7164-70E520CB00F4}.Debug|Any CPU.ActiveCfg = Debug|Any CPU
		{D130E42E-942E-24A2-7164-70E520CB00F4}.Debug|Any CPU.Build.0 = Debug|Any CPU
		{D130E42E-942E-24A2-7164-70E520CB00F4}.Release|Any CPU.ActiveCfg = Release|Any CPU
		{D130E42E-942E-24A2-7164-70E520CB00F4}.Release|Any CPU.Build.0 = Release|Any CPU
		{3D339D59-3B4D-56B8-51DA-C393C2014DCC}.Debug|Any CPU.ActiveCfg = Debug|Any CPU
		{3D339D59-3B4D-56B8-51DA-C393C2014DCC}.Debug|Any CPU.Build.0 = Debug|Any CPU
		{3D339D59-3B4D-56B8-51DA-C393C2014DCC}.Release|Any CPU.ActiveCfg = Release|Any CPU
		{3D339D59-3B4D-56B8-51DA-C393C2014DCC}.Release|Any CPU.Build.0 = Release|Any CPU
		{01C7F6F7-2258-FE87-84A1-FD4342AB0FC3}.Debug|Any CPU.ActiveCfg = Debug|Any CPU
		{01C7F6F7-2258-FE87-84A1-FD4342AB0FC3}.Debug|Any CPU.Build.0 = Debug|Any CPU
		{01C7F6F7-2258-FE87-84A1-FD4342AB0FC3}.Release|Any CPU.ActiveCfg = Release|Any CPU
		{01C7F6F7-2258-FE87-84A1-FD4342AB0FC3}.Release|Any CPU.Build.0 = Release|Any CPU
		{6A58E278-80B4-CF88-1491-98BA11DE6351}.Debug|Any CPU.ActiveCfg = Debug|Any CPU
		{6A58E278-80B4-CF88-1491-98BA11DE6351}.Debug|Any CPU.Build.0 = Debug|Any CPU
		{6A58E278-80B4-CF88-1491-98BA11DE6351}.Release|Any CPU.ActiveCfg = Release|Any CPU
		{6A58E278-80B4-CF88-1491-98BA11DE6351}.Release|Any CPU.Build.0 = Release|Any CPU
		{F6C6F53F-2296-0094-5DDB-C55B644C7248}.Debug|Any CPU.ActiveCfg = Debug|Any CPU
		{F6C6F53F-2296-0094-5DDB-C55B644C7248}.Debug|Any CPU.Build.0 = Debug|Any CPU
		{F6C6F53F-2296-0094-5DDB-C55B644C7248}.Release|Any CPU.ActiveCfg = Release|Any CPU
		{F6C6F53F-2296-0094-5DDB-C55B644C7248}.Release|Any CPU.Build.0 = Release|Any CPU
		{D005D289-569E-A33D-5628-E63F633206E1}.Debug|Any CPU.ActiveCfg = Debug|Any CPU
		{D005D289-569E-A33D-5628-E63F633206E1}.Debug|Any CPU.Build.0 = Debug|Any CPU
		{D005D289-569E-A33D-5628-E63F633206E1}.Release|Any CPU.ActiveCfg = Release|Any CPU
		{D005D289-569E-A33D-5628-E63F633206E1}.Release|Any CPU.Build.0 = Release|Any CPU
		{63B0D6BC-11D2-5F85-E91D-73073D6052EF}.Debug|Any CPU.ActiveCfg = Debug|Any CPU
		{63B0D6BC-11D2-5F85-E91D-73073D6052EF}.Debug|Any CPU.Build.0 = Debug|Any CPU
		{63B0D6BC-11D2-5F85-E91D-73073D6052EF}.Release|Any CPU.ActiveCfg = Release|Any CPU
		{63B0D6BC-11D2-5F85-E91D-73073D6052EF}.Release|Any CPU.Build.0 = Release|Any CPU
		{5AF3B92A-595B-CF50-57CB-8E4A0922103F}.Debug|Any CPU.ActiveCfg = Debug|Any CPU
		{5AF3B92A-595B-CF50-57CB-8E4A0922103F}.Debug|Any CPU.Build.0 = Debug|Any CPU
		{5AF3B92A-595B-CF50-57CB-8E4A0922103F}.Release|Any CPU.ActiveCfg = Release|Any CPU
		{5AF3B92A-595B-CF50-57CB-8E4A0922103F}.Release|Any CPU.Build.0 = Release|Any CPU
		{7F50A825-F38A-F44C-15E1-1C06B111FA7E}.Debug|Any CPU.ActiveCfg = Debug|Any CPU
		{7F50A825-F38A-F44C-15E1-1C06B111FA7E}.Debug|Any CPU.Build.0 = Debug|Any CPU
		{7F50A825-F38A-F44C-15E1-1C06B111FA7E}.Release|Any CPU.ActiveCfg = Release|Any CPU
		{7F50A825-F38A-F44C-15E1-1C06B111FA7E}.Release|Any CPU.Build.0 = Release|Any CPU
		{34356908-0515-A0C7-8499-F8E3DFDA3EFE}.Debug|Any CPU.ActiveCfg = Debug|Any CPU
		{34356908-0515-A0C7-8499-F8E3DFDA3EFE}.Debug|Any CPU.Build.0 = Debug|Any CPU
		{34356908-0515-A0C7-8499-F8E3DFDA3EFE}.Release|Any CPU.ActiveCfg = Release|Any CPU
		{34356908-0515-A0C7-8499-F8E3DFDA3EFE}.Release|Any CPU.Build.0 = Release|Any CPU
		{70642623-ED79-64DC-E396-CF1FFBE3B8DA}.Debug|Any CPU.ActiveCfg = Debug|Any CPU
		{70642623-ED79-64DC-E396-CF1FFBE3B8DA}.Debug|Any CPU.Build.0 = Debug|Any CPU
		{70642623-ED79-64DC-E396-CF1FFBE3B8DA}.Release|Any CPU.ActiveCfg = Release|Any CPU
		{70642623-ED79-64DC-E396-CF1FFBE3B8DA}.Release|Any CPU.Build.0 = Release|Any CPU
		{E0190892-A2D1-4CD1-F66B-D91ED78F0C04}.Debug|Any CPU.ActiveCfg = Debug|Any CPU
		{E0190892-A2D1-4CD1-F66B-D91ED78F0C04}.Debug|Any CPU.Build.0 = Debug|Any CPU
		{E0190892-A2D1-4CD1-F66B-D91ED78F0C04}.Release|Any CPU.ActiveCfg = Release|Any CPU
		{E0190892-A2D1-4CD1-F66B-D91ED78F0C04}.Release|Any CPU.Build.0 = Release|Any CPU
		{404BA6DB-1447-479C-15BD-BEDB91A7CC3F}.Debug|Any CPU.ActiveCfg = Debug|Any CPU
		{404BA6DB-1447-479C-15BD-BEDB91A7CC3F}.Debug|Any CPU.Build.0 = Debug|Any CPU
		{404BA6DB-1447-479C-15BD-BEDB91A7CC3F}.Release|Any CPU.ActiveCfg = Release|Any CPU
		{404BA6DB-1447-479C-15BD-BEDB91A7CC3F}.Release|Any CPU.Build.0 = Release|Any CPU
		{9F934B3F-A006-EB33-27E8-0A1430BC5C50}.Debug|Any CPU.ActiveCfg = Debug|Any CPU
		{9F934B3F-A006-EB33-27E8-0A1430BC5C50}.Debug|Any CPU.Build.0 = Debug|Any CPU
		{9F934B3F-A006-EB33-27E8-0A1430BC5C50}.Release|Any CPU.ActiveCfg = Release|Any CPU
		{9F934B3F-A006-EB33-27E8-0A1430BC5C50}.Release|Any CPU.Build.0 = Release|Any CPU
		{B4E24C75-1EEC-6545-B1A1-309A9ECB579D}.Debug|Any CPU.ActiveCfg = Debug|Any CPU
		{B4E24C75-1EEC-6545-B1A1-309A9ECB579D}.Debug|Any CPU.Build.0 = Debug|Any CPU
		{B4E24C75-1EEC-6545-B1A1-309A9ECB579D}.Release|Any CPU.ActiveCfg = Release|Any CPU
		{B4E24C75-1EEC-6545-B1A1-309A9ECB579D}.Release|Any CPU.Build.0 = Release|Any CPU
		{439114BC-5C2D-8E82-DB96-689117C7D7D4}.Debug|Any CPU.ActiveCfg = Debug|Any CPU
		{439114BC-5C2D-8E82-DB96-689117C7D7D4}.Debug|Any CPU.Build.0 = Debug|Any CPU
		{439114BC-5C2D-8E82-DB96-689117C7D7D4}.Release|Any CPU.ActiveCfg = Release|Any CPU
		{439114BC-5C2D-8E82-DB96-689117C7D7D4}.Release|Any CPU.Build.0 = Release|Any CPU
		{3A788F91-50E4-B01C-B090-30FC82C19005}.Debug|Any CPU.ActiveCfg = Debug|Any CPU
		{3A788F91-50E4-B01C-B090-30FC82C19005}.Debug|Any CPU.Build.0 = Debug|Any CPU
		{3A788F91-50E4-B01C-B090-30FC82C19005}.Release|Any CPU.ActiveCfg = Release|Any CPU
		{3A788F91-50E4-B01C-B090-30FC82C19005}.Release|Any CPU.Build.0 = Release|Any CPU
		{662848C7-46C6-CB2E-2762-6229B4F723B9}.Debug|Any CPU.ActiveCfg = Debug|Any CPU
		{662848C7-46C6-CB2E-2762-6229B4F723B9}.Debug|Any CPU.Build.0 = Debug|Any CPU
		{662848C7-46C6-CB2E-2762-6229B4F723B9}.Release|Any CPU.ActiveCfg = Release|Any CPU
		{662848C7-46C6-CB2E-2762-6229B4F723B9}.Release|Any CPU.Build.0 = Release|Any CPU
		{91B8BB57-E48F-1F82-3FBB-F574727F5733}.Debug|Any CPU.ActiveCfg = Debug|Any CPU
		{91B8BB57-E48F-1F82-3FBB-F574727F5733}.Debug|Any CPU.Build.0 = Debug|Any CPU
		{91B8BB57-E48F-1F82-3FBB-F574727F5733}.Release|Any CPU.ActiveCfg = Release|Any CPU
		{91B8BB57-E48F-1F82-3FBB-F574727F5733}.Release|Any CPU.Build.0 = Release|Any CPU
		{B12F2FD6-1ECD-3269-5557-379FC107A9F7}.Debug|Any CPU.ActiveCfg = Debug|Any CPU
		{B12F2FD6-1ECD-3269-5557-379FC107A9F7}.Debug|Any CPU.Build.0 = Debug|Any CPU
		{B12F2FD6-1ECD-3269-5557-379FC107A9F7}.Release|Any CPU.ActiveCfg = Release|Any CPU
		{B12F2FD6-1ECD-3269-5557-379FC107A9F7}.Release|Any CPU.Build.0 = Release|Any CPU
		{792B3AF2-0C5A-9CE8-B456-93E5FAB2AF82}.Debug|Any CPU.ActiveCfg = Debug|Any CPU
		{792B3AF2-0C5A-9CE8-B456-93E5FAB2AF82}.Debug|Any CPU.Build.0 = Debug|Any CPU
		{792B3AF2-0C5A-9CE8-B456-93E5FAB2AF82}.Release|Any CPU.ActiveCfg = Release|Any CPU
		{792B3AF2-0C5A-9CE8-B456-93E5FAB2AF82}.Release|Any CPU.Build.0 = Release|Any CPU
		{F040CED2-C912-F1E8-70EA-A95F831D0BEF}.Debug|Any CPU.ActiveCfg = Debug|Any CPU
		{F040CED2-C912-F1E8-70EA-A95F831D0BEF}.Debug|Any CPU.Build.0 = Debug|Any CPU
		{F040CED2-C912-F1E8-70EA-A95F831D0BEF}.Release|Any CPU.ActiveCfg = Release|Any CPU
		{F040CED2-C912-F1E8-70EA-A95F831D0BEF}.Release|Any CPU.Build.0 = Release|Any CPU
		{0C0B75A8-0D9B-2881-A594-7C30218C8676}.Debug|Any CPU.ActiveCfg = Debug|Any CPU
		{0C0B75A8-0D9B-2881-A594-7C30218C8676}.Debug|Any CPU.Build.0 = Debug|Any CPU
		{0C0B75A8-0D9B-2881-A594-7C30218C8676}.Release|Any CPU.ActiveCfg = Release|Any CPU
		{0C0B75A8-0D9B-2881-A594-7C30218C8676}.Release|Any CPU.Build.0 = Release|Any CPU
		{7706AE64-9B00-8F46-3558-2CDA9F26BEBC}.Debug|Any CPU.ActiveCfg = Debug|Any CPU
		{7706AE64-9B00-8F46-3558-2CDA9F26BEBC}.Debug|Any CPU.Build.0 = Debug|Any CPU
		{7706AE64-9B00-8F46-3558-2CDA9F26BEBC}.Release|Any CPU.ActiveCfg = Release|Any CPU
		{7706AE64-9B00-8F46-3558-2CDA9F26BEBC}.Release|Any CPU.Build.0 = Release|Any CPU
		{DE297794-194A-609E-D6BC-1E2FB085DA05}.Debug|Any CPU.ActiveCfg = Debug|Any CPU
		{DE297794-194A-609E-D6BC-1E2FB085DA05}.Debug|Any CPU.Build.0 = Debug|Any CPU
		{DE297794-194A-609E-D6BC-1E2FB085DA05}.Release|Any CPU.ActiveCfg = Release|Any CPU
		{DE297794-194A-609E-D6BC-1E2FB085DA05}.Release|Any CPU.Build.0 = Release|Any CPU
		{D8EC30F6-F0C0-C8C3-17D0-A43F282E9FF0}.Debug|Any CPU.ActiveCfg = Debug|Any CPU
		{D8EC30F6-F0C0-C8C3-17D0-A43F282E9FF0}.Debug|Any CPU.Build.0 = Debug|Any CPU
		{D8EC30F6-F0C0-C8C3-17D0-A43F282E9FF0}.Release|Any CPU.ActiveCfg = Release|Any CPU
		{D8EC30F6-F0C0-C8C3-17D0-A43F282E9FF0}.Release|Any CPU.Build.0 = Release|Any CPU
		{DEB1F4D3-6F8C-993D-CEA6-7F15AF411CB6}.Debug|Any CPU.ActiveCfg = Debug|Any CPU
		{DEB1F4D3-6F8C-993D-CEA6-7F15AF411CB6}.Debug|Any CPU.Build.0 = Debug|Any CPU
		{DEB1F4D3-6F8C-993D-CEA6-7F15AF411CB6}.Release|Any CPU.ActiveCfg = Release|Any CPU
		{DEB1F4D3-6F8C-993D-CEA6-7F15AF411CB6}.Release|Any CPU.Build.0 = Release|Any CPU
		{10CCCE32-924E-CABC-C59D-95ADCFB47805}.Debug|Any CPU.ActiveCfg = Debug|Any CPU
		{10CCCE32-924E-CABC-C59D-95ADCFB47805}.Debug|Any CPU.Build.0 = Debug|Any CPU
		{10CCCE32-924E-CABC-C59D-95ADCFB47805}.Release|Any CPU.ActiveCfg = Release|Any CPU
		{10CCCE32-924E-CABC-C59D-95ADCFB47805}.Release|Any CPU.Build.0 = Release|Any CPU
		{1C2ABD93-0B61-DAD6-DFC9-BF32272B514D}.Debug|Any CPU.ActiveCfg = Debug|Any CPU
		{1C2ABD93-0B61-DAD6-DFC9-BF32272B514D}.Debug|Any CPU.Build.0 = Debug|Any CPU
		{1C2ABD93-0B61-DAD6-DFC9-BF32272B514D}.Release|Any CPU.ActiveCfg = Release|Any CPU
		{1C2ABD93-0B61-DAD6-DFC9-BF32272B514D}.Release|Any CPU.Build.0 = Release|Any CPU
		{4871D1F4-F433-D905-CA79-67D11B41EDFC}.Debug|Any CPU.ActiveCfg = Debug|Any CPU
		{4871D1F4-F433-D905-CA79-67D11B41EDFC}.Debug|Any CPU.Build.0 = Debug|Any CPU
		{4871D1F4-F433-D905-CA79-67D11B41EDFC}.Release|Any CPU.ActiveCfg = Release|Any CPU
		{4871D1F4-F433-D905-CA79-67D11B41EDFC}.Release|Any CPU.Build.0 = Release|Any CPU
		{413C9EEC-A506-A541-ACF3-80644823D263}.Debug|Any CPU.ActiveCfg = Debug|Any CPU
		{413C9EEC-A506-A541-ACF3-80644823D263}.Debug|Any CPU.Build.0 = Debug|Any CPU
		{413C9EEC-A506-A541-ACF3-80644823D263}.Release|Any CPU.ActiveCfg = Release|Any CPU
		{413C9EEC-A506-A541-ACF3-80644823D263}.Release|Any CPU.Build.0 = Release|Any CPU
		{EC31D343-E893-CD95-171C-C309C1E54211}.Debug|Any CPU.ActiveCfg = Debug|Any CPU
		{EC31D343-E893-CD95-171C-C309C1E54211}.Debug|Any CPU.Build.0 = Debug|Any CPU
		{EC31D343-E893-CD95-171C-C309C1E54211}.Release|Any CPU.ActiveCfg = Release|Any CPU
		{EC31D343-E893-CD95-171C-C309C1E54211}.Release|Any CPU.Build.0 = Release|Any CPU
		{48171378-D1C0-D88D-060D-F2368C6EE702}.Debug|Any CPU.ActiveCfg = Debug|Any CPU
		{48171378-D1C0-D88D-060D-F2368C6EE702}.Debug|Any CPU.Build.0 = Debug|Any CPU
		{48171378-D1C0-D88D-060D-F2368C6EE702}.Release|Any CPU.ActiveCfg = Release|Any CPU
		{48171378-D1C0-D88D-060D-F2368C6EE702}.Release|Any CPU.Build.0 = Release|Any CPU
		{F67290FE-2B3B-FA45-E3D7-444BEB627751}.Debug|Any CPU.ActiveCfg = Debug|Any CPU
		{F67290FE-2B3B-FA45-E3D7-444BEB627751}.Debug|Any CPU.Build.0 = Debug|Any CPU
		{F67290FE-2B3B-FA45-E3D7-444BEB627751}.Release|Any CPU.ActiveCfg = Release|Any CPU
		{F67290FE-2B3B-FA45-E3D7-444BEB627751}.Release|Any CPU.Build.0 = Release|Any CPU
		{3A995857-1BB7-11F8-6EA2-C18D5E21749F}.Debug|Any CPU.ActiveCfg = Debug|Any CPU
		{3A995857-1BB7-11F8-6EA2-C18D5E21749F}.Debug|Any CPU.Build.0 = Debug|Any CPU
		{3A995857-1BB7-11F8-6EA2-C18D5E21749F}.Release|Any CPU.ActiveCfg = Release|Any CPU
		{3A995857-1BB7-11F8-6EA2-C18D5E21749F}.Release|Any CPU.Build.0 = Release|Any CPU
		{19349D84-B819-7F77-66F1-610B10512D27}.Debug|Any CPU.ActiveCfg = Debug|Any CPU
		{19349D84-B819-7F77-66F1-610B10512D27}.Debug|Any CPU.Build.0 = Debug|Any CPU
		{19349D84-B819-7F77-66F1-610B10512D27}.Release|Any CPU.ActiveCfg = Release|Any CPU
		{19349D84-B819-7F77-66F1-610B10512D27}.Release|Any CPU.Build.0 = Release|Any CPU
		{53908CD3-4544-30C9-9942-6A352088428C}.Debug|Any CPU.ActiveCfg = Debug|Any CPU
		{53908CD3-4544-30C9-9942-6A352088428C}.Debug|Any CPU.Build.0 = Debug|Any CPU
		{53908CD3-4544-30C9-9942-6A352088428C}.Release|Any CPU.ActiveCfg = Release|Any CPU
		{53908CD3-4544-30C9-9942-6A352088428C}.Release|Any CPU.Build.0 = Release|Any CPU
		{BCE26945-1BC6-7280-97F5-D6BDD0FF1222}.Debug|Any CPU.ActiveCfg = Debug|Any CPU
		{BCE26945-1BC6-7280-97F5-D6BDD0FF1222}.Debug|Any CPU.Build.0 = Debug|Any CPU
		{BCE26945-1BC6-7280-97F5-D6BDD0FF1222}.Release|Any CPU.ActiveCfg = Release|Any CPU
		{BCE26945-1BC6-7280-97F5-D6BDD0FF1222}.Release|Any CPU.Build.0 = Release|Any CPU
		{B8AA35C0-B61E-EB45-7CAF-1C0BFAAA4BCD}.Debug|Any CPU.ActiveCfg = Debug|Any CPU
		{B8AA35C0-B61E-EB45-7CAF-1C0BFAAA4BCD}.Debug|Any CPU.Build.0 = Debug|Any CPU
		{B8AA35C0-B61E-EB45-7CAF-1C0BFAAA4BCD}.Release|Any CPU.ActiveCfg = Release|Any CPU
		{B8AA35C0-B61E-EB45-7CAF-1C0BFAAA4BCD}.Release|Any CPU.Build.0 = Release|Any CPU
		{6F58FF80-DADB-9436-C5FA-A4A0A1DE0C7C}.Debug|Any CPU.ActiveCfg = Debug|Any CPU
		{6F58FF80-DADB-9436-C5FA-A4A0A1DE0C7C}.Debug|Any CPU.Build.0 = Debug|Any CPU
		{6F58FF80-DADB-9436-C5FA-A4A0A1DE0C7C}.Release|Any CPU.ActiveCfg = Release|Any CPU
		{6F58FF80-DADB-9436-C5FA-A4A0A1DE0C7C}.Release|Any CPU.Build.0 = Release|Any CPU
	EndGlobalSection
	GlobalSection(SolutionProperties) = preSolution
		HideSolutionNode = FALSE
	EndGlobalSection
EndGlobal
